<?xml version="1.0" encoding="utf-8"?>
<Project ToolsVersion="4.0" xmlns="http://schemas.microsoft.com/developer/msbuild/2003">
  <ItemGroup>
    <Filter Include="Source Files">
      <UniqueIdentifier>{4FC737F1-C7A5-4376-A066-2A32D752A2FF}</UniqueIdentifier>
      <Extensions>cpp;c;cc;cxx;c++;cppm;ixx;def;odl;idl;hpj;bat;asm;asmx</Extensions>
    </Filter>
    <Filter Include="Header Files">
      <UniqueIdentifier>{93995380-89BD-4b04-88EB-625FBE52EBFB}</UniqueIdentifier>
      <Extensions>h;hh;hpp;hxx;h++;hm;inl;inc;ipp;xsd</Extensions>
    </Filter>
    <Filter Include="Resource Files">
      <UniqueIdentifier>{67DA6AB6-F800-4c08-8B7A-83BB121AAD01}</UniqueIdentifier>
      <Extensions>rc;ico;cur;bmp;dlg;rc2;rct;bin;rgs;gif;jpg;jpeg;jpe;resx;tiff;tif;png;wav;mfcribbon-ms</Extensions>
    </Filter>
    <Filter Include="imgui">
      <UniqueIdentifier>{328ad08a-fd95-4958-bcdc-899214505217}</UniqueIdentifier>
    </Filter>
    <Filter Include="minhook">
      <UniqueIdentifier>{cd31cd62-bd2d-4380-9733-f455cdc5c73c}</UniqueIdentifier>
    </Filter>
    <Filter Include="ue4">
      <UniqueIdentifier>{b74f5bd9-caa1-46ca-af85-add43d2c36a5}</UniqueIdentifier>
    </Filter>
    <Filter Include="ue4\math">
      <UniqueIdentifier>{14f4a1da-d6fa-4f78-baf9-9aceb5412ee7}</UniqueIdentifier>
    </Filter>
    <Filter Include="ue4\containers">
      <UniqueIdentifier>{25256d74-833f-4bf7-8230-08a4073229fe}</UniqueIdentifier>
    </Filter>
  </ItemGroup>
  <ItemGroup>
    <ClInclude Include="framework.h">
      <Filter>Header Files</Filter>
    </ClInclude>
    <ClInclude Include="lazy_importer.hpp">
      <Filter>Header Files</Filter>
    </ClInclude>
    <ClInclude Include="pch.h">
      <Filter>Source Files</Filter>
    </ClInclude>
    <ClInclude Include="Include\minhook\buffer.h">
      <Filter>minhook</Filter>
    </ClInclude>
    <ClInclude Include="Include\minhook\MinHook.h">
      <Filter>minhook</Filter>
    </ClInclude>
    <ClInclude Include="Include\minhook\trampoline.h">
      <Filter>minhook</Filter>
    </ClInclude>
    <ClInclude Include="C:\Users\Zowier\Desktop\example\minhook\hde\pstdint.h">
      <Filter>minhook</Filter>
    </ClInclude>
    <ClInclude Include="C:\Users\Zowier\Desktop\example\minhook\hde\table32.h">
      <Filter>minhook</Filter>
    </ClInclude>
    <ClInclude Include="C:\Users\Zowier\Desktop\example\minhook\hde\table64.h">
      <Filter>minhook</Filter>
    </ClInclude>
    <ClInclude Include="Include\kiero\kiero.h">
      <Filter>Header Files</Filter>
    </ClInclude>
    <ClInclude Include="utils.h">
      <Filter>Header Files</Filter>
    </ClInclude>
    <ClInclude Include="render.h">
      <Filter>Header Files</Filter>
    </ClInclude>
    <ClInclude Include="offsets.h">
      <Filter>Header Files</Filter>
    </ClInclude>
    <ClInclude Include="skStr.h">
      <Filter>Header Files</Filter>
    </ClInclude>
    <ClInclude Include="ida.h">
      <Filter>Header Files</Filter>
    </ClInclude>
    <ClInclude Include="ue4\math\matrix.h">
      <Filter>ue4\math</Filter>
    </ClInclude>
    <ClInclude Include="features.h">
      <Filter>Header Files</Filter>
    </ClInclude>
    <ClInclude Include="array.h">
      <Filter>ue4\containers</Filter>
    </ClInclude>
    <ClInclude Include="string.h">
      <Filter>ue4\containers</Filter>
    </ClInclude>
    <ClInclude Include="fonts.h">
      <Filter>imgui</Filter>
    </ClInclude>
    <ClInclude Include="Include\minhook\hde\hde32.h">
      <Filter>minhook</Filter>
    </ClInclude>
    <ClInclude Include="Include\minhook\hde\hde64.h">
      <Filter>minhook</Filter>
    </ClInclude>
    <ClInclude Include="config.h">
      <Filter>Header Files</Filter>
    </ClInclude>
    <ClInclude Include="json.hpp">
      <Filter>Header Files</Filter>
    </ClInclude>
    <ClInclude Include="menu.h">
      <Filter>Header Files</Filter>
    </ClInclude>
    <ClInclude Include="Include\imgui\imconfig.h">
      <Filter>imgui</Filter>
    </ClInclude>
    <ClInclude Include="Include\imgui\imgui.h">
      <Filter>imgui</Filter>
    </ClInclude>
    <ClInclude Include="Include\imgui\imgui_internal.h">
      <Filter>imgui</Filter>
    </ClInclude>
    <ClInclude Include="Include\imgui\ImGui_ShaderBlobs.h">
      <Filter>imgui</Filter>
    </ClInclude>
    <ClInclude Include="Include\imgui\imstb_rectpack.h">
      <Filter>imgui</Filter>
    </ClInclude>
    <ClInclude Include="Include\imgui\imstb_textedit.h">
      <Filter>imgui</Filter>
    </ClInclude>
    <ClInclude Include="Include\imgui\imstb_truetype.h">
      <Filter>imgui</Filter>
    </ClInclude>
    <ClInclude Include="Include\imgui\IconsFontAwesome6.h">
      <Filter>imgui</Filter>
    </ClInclude>
    <ClInclude Include="Include\imgui\imgui_impl_dx11.h">
      <Filter>imgui</Filter>
    </ClInclude>
    <ClInclude Include="Include\imgui\imgui_impl_win32.h">
      <Filter>imgui</Filter>
    </ClInclude>
  </ItemGroup>
  <ItemGroup>
    <ClCompile Include="dllmain.cpp">
      <Filter>Source Files</Filter>
    </ClCompile>
    <ClCompile Include="pch.cpp">
      <Filter>Source Files</Filter>
    </ClCompile>
    <ClCompile Include="Include\minhook\buffer.c">
      <Filter>minhook</Filter>
    </ClCompile>
    <ClCompile Include="Include\minhook\hook.c">
      <Filter>minhook</Filter>
    </ClCompile>
    <ClCompile Include="Include\minhook\trampoline.c">
      <Filter>minhook</Filter>
    </ClCompile>
    <ClCompile Include="Include\kiero\kiero.cpp">
      <Filter>Header Files</Filter>
    </ClCompile>
    <ClCompile Include="render.cpp">
      <Filter>Header Files</Filter>
    </ClCompile>
    <ClCompile Include="features.cpp">
      <Filter>Source Files</Filter>
    </ClCompile>
    <ClCompile Include="Include\minhook\hde\hde32.c">
      <Filter>minhook</Filter>
    </ClCompile>
    <ClCompile Include="Include\minhook\hde\hde64.c">
      <Filter>minhook</Filter>
    </ClCompile>
    <ClCompile Include="Include\imgui\imgui.cpp">
      <Filter>imgui</Filter>
    </ClCompile>
    <ClCompile Include="Include\imgui\imgui_demo.cpp">
      <Filter>imgui</Filter>
    </ClCompile>
    <ClCompile Include="Include\imgui\imgui_draw.cpp">
      <Filter>imgui</Filter>
    </ClCompile>
    <ClCompile Include="Include\imgui\ImGui_ShaderBlobs.cpp">
      <Filter>imgui</Filter>
    </ClCompile>
    <ClCompile Include="Include\imgui\imgui_tables.cpp">
      <Filter>imgui</Filter>
    </ClCompile>
    <ClCompile Include="Include\imgui\imgui_widgets.cpp">
      <Filter>imgui</Filter>
    </ClCompile>
    <ClCompile Include="Include\imgui\imgui_impl_dx11.cpp">
      <Filter>imgui</Filter>
    </ClCompile>
    <ClCompile Include="Include\imgui\imgui_impl_win32.cpp">
      <Filter>imgui</Filter>
    </ClCompile>
  </ItemGroup>
</Project>